[["version","1"]]
["","container.from",["docker.io/library/rust:latest","linux/amd64"],"sha256:3382bd20aa942806c533e9a73cd000474fb3ef173f71e684cc9b942675781769","pin"]
["","git.head",["https://github.com/rustsec/advisory-db.git"],"51dbd629f4d8f4988f3f8e02dbb0ab607a930478","float"]
["","git.head",["https://github.com/sagikazarmark/daggerverse-beta"],"ce70590744ae32a9c2e83a7690d2d7cc4e17aef7","float"]