# Generated by Dagger. Pins the images and git refs this workspace uses.
# Any Dagger command may update this file; always commit it with your changes.
# Run `dagger workspace update` to refresh the pinned versions.
[["version","2"]]
["","git-latest",["github.com/sagikazarmark/daggerverse-beta",["tagPrefix","dagger-gha"]],"refs/heads/main"]
["","git-sha",["github.com/sagikazarmark/daggerverse-beta","refs/heads/main"],"b0671fd12a040feaf0f811c70d66199cbbcd24ca"]